{
  "object": {
    "pins": [
      {
        "package": "k2Utils",
        "repositoryURL": "https://github.com/k1x0r/k2utils.git",
        "state": {
          "branch": "master",
          "revision": "09149e0cdf797d2b2a150418ed6390cf51bd0130",
          "version": null
        }
      },
      {
        "package": "XcodeEdit",
        "repositoryURL": "https://github.com/k1x0r/XcodeEdit.git",
        "state": {
          "branch": "master",
          "revision": "a583ba8c7a8532a88225e45c9114fa9c83a846c7",
          "version": null
        }
      }
    ]
  },
  "version": 1
}
